// !$*UTF8*$!
{
	archiveVersion = 1;
	classes = {
	};
	objectVersion = 56;
	objects = {

/* Begin PBXBuildFile section */
		D50CBB2A292E393300872555 /* AppDelegate.swift in Sources */ = {isa = PBXBuildFile; fileRef = D50CBB29292E393300872555 /* AppDelegate.swift */; };
		D50CBB2C292E393300872555 /* SceneDelegate.swift in Sources */ = {isa = PBXBuildFile; fileRef = D50CBB2B292E393300872555 /* SceneDelegate.swift */; };
		D50CBB2E292E393300872555 /* ViewController.swift in Sources */ = {isa = PBXBuildFile; fileRef = D50CBB2D292E393300872555 /* ViewController.swift */; };
		D50CBB31292E393300872555 /* Main.storyboard in Resources */ = {isa = PBXBuildFile; fileRef = D50CBB2F292E393300872555 /* Main.storyboard */; };
		D50CBB33292E393400872555 /* Assets.xcassets in Resources */ = {isa = PBXBuildFile; fileRef = D50CBB32292E393400872555 /* Assets.xcassets */; };
		D50CBB36292E393400872555 /* LaunchScreen.storyboard in Resources */ = {isa = PBXBuildFile; fileRef = D50CBB34292E393400872555 /* LaunchScreen.storyboard */; };
		D50CBB41292E393400872555 /* tableViev2_clasTests.swift in Sources */ = {isa = PBXBuildFile; fileRef = D50CBB40292E393400872555 /* tableViev2_clasTests.swift */; };
		D50CBB4B292E393400872555 /* tableViev2_clasUITests.swift in Sources */ = {isa = PBXBuildFile; fileRef = D50CBB4A292E393400872555 /* tableViev2_clasUITests.swift */; };
		D50CBB4D292E393400872555 /* tableViev2_clasUITestsLaunchTests.swift in Sources */ = {isa = PBXBuildFile; fileRef = D50CBB4C292E393400872555 /* tableViev2_clasUITestsLaunchTests.swift */; };
/* End PBXBuildFile section */

/* Begin PBXContainerItemProxy section */
		D50CBB3D292E393400872555 /* PBXContainerItemProxy */ = {
			isa = PBXContainerItemProxy;
			containerPortal = D50CBB1E292E393300872555 /* Project object */;
			proxyType = 1;
			remoteGlobalIDString = D50CBB25292E393300872555;
			remoteInfo = tableViev2_clas;
		};
		D50CBB47292E393400872555 /* PBXContainerItemProxy */ = {
			isa = PBXContainerItemProxy;
			containerPortal = D50CBB1E292E393300872555 /* Project object */;
			proxyType = 1;
			remoteGlobalIDString = D50CBB25292E393300872555;
			remoteInfo = tableViev2_clas;
		};
/* End PBXContainerItemProxy section */

/* Begin PBXFileReference section */
		D50CBB26292E393300872555 /* tableViev2_clas.app */ = {isa = PBXFileReference; explicitFileType = wrapper.application; includeInIndex = 0; path = tableViev2_clas.app; sourceTree = BUILT_PRODUCTS_DIR; };
		D50CBB29292E393300872555 /* AppDelegate.swift */ = {isa = PBXFileReference; lastKnownFileType = sourcecode.swift; path = AppDelegate.swift; sourceTree = "<group>"; };
		D50CBB2B292E393300872555 /* SceneDelegate.swift */ = {isa = PBXFileReference; lastKnownFileType = sourcecode.swift; path = SceneDelegate.swift; sourceTree = "<group>"; };
		D50CBB2D292E393300872555 /* ViewController.swift */ = {isa = PBXFileReference; lastKnownFileType = sourcecode.swift; path = ViewController.swift; sourceTree = "<group>"; };
		D50CBB30292E393300872555 /* Base */ = {isa = PBXFileReference; lastKnownFileType = file.storyboard; name = Base; path = Base.lproj/Main.storyboard; sourceTree = "<group>"; };
		D50CBB32292E393400872555 /* Assets.xcassets */ = {isa = PBXFileReference; lastKnownFileType = folder.assetcatalog; path = Assets.xcassets; sourceTree = "<group>"; };
		D50CBB35292E393400872555 /* Base */ = {isa = PBXFileReference; lastKnownFileType = file.storyboard; name = Base; path = Base.lproj/LaunchScreen.storyboard; sourceTree = "<group>"; };
		D50CBB37292E393400872555 /* Info.plist */ = {isa = PBXFileReference; lastKnownFileType = text.plist.xml; path = Info.plist; sourceTree = "<group>"; };
		D50CBB3C292E393400872555 /* tableViev2_clasTests.xctest */ = {isa = PBXFileReference; explicitFileType = wrapper.cfbundle; includeInIndex = 0; path = tableViev2_clasTests.xctest; sourceTree = BUILT_PRODUCTS_DIR; };
		D50CBB40292E393400872555 /* tableViev2_clasTests.swift */ = {isa = PBXFileReference; lastKnownFileType = sourcecode.swift; path = tableViev2_clasTests.swift; sourceTree = "<group>"; };
		D50CBB46292E393400872555 /* tableViev2_clasUITests.xctest */ = {isa = PBXFileReference; explicitFileType = wrapper.cfbundle; includeInIndex = 0; path = tableViev2_clasUITests.xctest; sourceTree = BUILT_PRODUCTS_DIR; };
		D50CBB4A292E393400872555 /* tableViev2_clasUITests.swift */ = {isa = PBXFileReference; lastKnownFileType = sourcecode.swift; path = tableViev2_clasUITests.swift; sourceTree = "<group>"; };
		D50CBB4C292E393400872555 /* tableViev2_clasUITestsLaunchTests.swift */ = {isa = PBXFileReference; lastKnownFileType = sourcecode.swift; path = tableViev2_clasUITestsLaunchTests.swift; sourceTree = "<group>"; };
/* End PBXFileReference section */

/* Begin PBXFrameworksBuildPhase section */
		D50CBB23292E393300872555 /* Frameworks */ = {
			isa = PBXFrameworksBuildPhase;
			buildActionMask = 2147483647;
			files = (
			);
			runOnlyForDeploymentPostprocessing = 0;
		};
		D50CBB39292E393400872555 /* Frameworks */ = {
			isa = PBXFrameworksBuildPhase;
			buildActionMask = 2147483647;
			files = (
			);
			runOnlyForDeploymentPostprocessing = 0;
		};
		D50CBB43292E393400872555 /* Frameworks */ = {
			isa = PBXFrameworksBuildPhase;
			buildActionMask = 2147483647;
			files = (
			);
			runOnlyForDeploymentPostprocessing = 0;
		};
/* End PBXFrameworksBuildPhase section */

/* Begin PBXGroup section */
		D50CBB1D292E393300872555 = {
			isa = PBXGroup;
			children = (
				D50CBB28292E393300872555 /* tableViev2_clas */,
				D50CBB3F292E393400872555 /* tableViev2_clasTests */,
				D50CBB49292E393400872555 /* tableViev2_clasUITests */,
				D50CBB27292E393300872555 /* Products */,
			);
			sourceTree = "<group>";
		};
		D50CBB27292E393300872555 /* Products */ = {
			isa = PBXGroup;
			children = (
				D50CBB26292E393300872555 /* tableViev2_clas.app */,
				D50CBB3C292E393400872555 /* tableViev2_clasTests.xctest */,
				D50CBB46292E393400872555 /* tableViev2_clasUITests.xctest */,
			);
			name = Products;
			sourceTree = "<group>";
		};
		D50CBB28292E393300872555 /* tableViev2_clas */ = {
			isa = PBXGroup;
			children = (
				D50CBB29292E393300872555 /* AppDelegate.swift */,
				D50CBB2B292E393300872555 /* SceneDelegate.swift */,
				D50CBB2D292E393300872555 /* ViewController.swift */,
				D50CBB2F292E393300872555 /* Main.storyboard */,
				D50CBB32292E393400872555 /* Assets.xcassets */,
				D50CBB34292E393400872555 /* LaunchScreen.storyboard */,
				D50CBB37292E393400872555 /* Info.plist */,
			);
			path = tableViev2_clas;
			sourceTree = "<group>";
		};
		D50CBB3F292E393400872555 /* tableViev2_clasTests */ = {
			isa = PBXGroup;
			children = (
				D50CBB40292E393400872555 /* tableViev2_clasTests.swift */,
			);
			path = tableViev2_clasTests;
			sourceTree = "<group>";
		};
		D50CBB49292E393400872555 /* tableViev2_clasUITests */ = {
			isa = PBXGroup;
			children = (
				D50CBB4A292E393400872555 /* tableViev2_clasUITests.swift */,
				D50CBB4C292E393400872555 /* tableViev2_clasUITestsLaunchTests.swift */,
			);
			path = tableViev2_clasUITests;
			sourceTree = "<group>";
		};
/* End PBXGroup section */

/* Begin PBXNativeTarget section */
		D50CBB25292E393300872555 /* tableViev2_clas */ = {
			isa = PBXNativeTarget;
			buildConfigurationList = D50CBB50292E393400872555 /* Build configuration list for PBXNativeTarget "tableViev2_clas" */;
			buildPhases = (
				D50CBB22292E393300872555 /* Sources */,
				D50CBB23292E393300872555 /* Frameworks */,
				D50CBB24292E393300872555 /* Resources */,
			);
			buildRules = (
			);
			dependencies = (
			);
			name = tableViev2_clas;
			productName = tableViev2_clas;
			productReference = D50CBB26292E393300872555 /* tableViev2_clas.app */;
			productType = "com.apple.product-type.application";
		};
		D50CBB3B292E393400872555 /* tableViev2_clasTests */ = {
			isa = PBXNativeTarget;
			buildConfigurationList = D50CBB53292E393400872555 /* Build configuration list for PBXNativeTarget "tableViev2_clasTests" */;
			buildPhases = (
				D50CBB38292E393400872555 /* Sources */,
				D50CBB39292E393400872555 /* Frameworks */,
				D50CBB3A292E393400872555 /* Resources */,
			);
			buildRules = (
			);
			dependencies = (
				D50CBB3E292E393400872555 /* PBXTargetDependency */,
			);
			name = tableViev2_clasTests;
			productName = tableViev2_clasTests;
			productReference = D50CBB3C292E393400872555 /* tableViev2_clasTests.xctest */;
			productType = "com.apple.product-type.bundle.unit-test";
		};
		D50CBB45292E393400872555 /* tableViev2_clasUITests */ = {
			isa = PBXNativeTarget;
			buildConfigurationList = D50CBB56292E393400872555 /* Build configuration list for PBXNativeTarget "tableViev2_clasUITests" */;
			buildPhases = (
				D50CBB42292E393400872555 /* Sources */,
				D50CBB43292E393400872555 /* Frameworks */,
				D50CBB44292E393400872555 /* Resources */,
			);
			buildRules = (
			);
			dependencies = (
				D50CBB48292E393400872555 /* PBXTargetDependency */,
			);
			name = tableViev2_clasUITests;
			productName = tableViev2_clasUITests;
			productReference = D50CBB46292E393400872555 /* tableViev2_clasUITests.xctest */;
			productType = "com.apple.product-type.bundle.ui-testing";
		};
/* End PBXNativeTarget section */

/* Begin PBXProject section */
		D50CBB1E292E393300872555 /* Project object */ = {
			isa = PBXProject;
			attributes = {
				BuildIndependentTargetsInParallel = 1;
				LastSwiftUpdateCheck = 1410;
				LastUpgradeCheck = 1410;
				TargetAttributes = {
					D50CBB25292E393300872555 = {
						CreatedOnToolsVersion = 14.1;
					};
					D50CBB3B292E393400872555 = {
						CreatedOnToolsVersion = 14.1;
						TestTargetID = D50CBB25292E393300872555;
					};
					D50CBB45292E393400872555 = {
						CreatedOnToolsVersion = 14.1;
						TestTargetID = D50CBB25292E393300872555;
					};
				};
			};
			buildConfigurationList = D50CBB21292E393300872555 /* Build configuration list for PBXProject "tableViev2_clas" */;
			compatibilityVersion = "Xcode 14.0";
			developmentRegion = en;
			hasScannedForEncodings = 0;
			knownRegions = (
				en,
				Base,
			);
			mainGroup = D50CBB1D292E393300872555;
			productRefGroup = D50CBB27292E393300872555 /* Products */;
			projectDirPath = "";
			projectRoot = "";
			targets = (
				D50CBB25292E393300872555 /* tableViev2_clas */,
				D50CBB3B292E393400872555 /* tableViev2_clasTests */,
				D50CBB45292E393400872555 /* tableViev2_clasUITests */,
			);
		};
/* End PBXProject section */

/* Begin PBXResourcesBuildPhase section */
		D50CBB24292E393300872555 /* Resources */ = {
			isa = PBXResourcesBuildPhase;
			buildActionMask = 2147483647;
			files = (
				D50CBB36292E393400872555 /* LaunchScreen.storyboard in Resources */,
				D50CBB33292E393400872555 /* Assets.xcassets in Resources */,
				D50CBB31292E393300872555 /* Main.storyboard in Resources */,
			);
			runOnlyForDeploymentPostprocessing = 0;
		};
		D50CBB3A292E393400872555 /* Resources */ = {
			isa = PBXResourcesBuildPhase;
			buildActionMask = 2147483647;
			files = (
			);
			runOnlyForDeploymentPostprocessing = 0;
		};
		D50CBB44292E393400872555 /* Resources */ = {
			isa = PBXResourcesBuildPhase;
			buildActionMask = 2147483647;
			files = (
			);
			runOnlyForDeploymentPostprocessing = 0;
		};
/* End PBXResourcesBuildPhase section */

/* Begin PBXSourcesBuildPhase section */
		D50CBB22292E393300872555 /* Sources */ = {
			isa = PBXSourcesBuildPhase;
			buildActionMask = 2147483647;
			files = (
				D50CBB2E292E393300872555 /* ViewController.swift in Sources */,
				D50CBB2A292E393300872555 /* AppDelegate.swift in Sources */,
				D50CBB2C292E393300872555 /* SceneDelegate.swift in Sources */,
			);
			runOnlyForDeploymentPostprocessing = 0;
		};
		D50CBB38292E393400872555 /* Sources */ = {
			isa = PBXSourcesBuildPhase;
			buildActionMask = 2147483647;
			files = (
				D50CBB41292E393400872555 /* tableViev2_clasTests.swift in Sources */,
			);
			runOnlyForDeploymentPostprocessing = 0;
		};
		D50CBB42292E393400872555 /* Sources */ = {
			isa = PBXSourcesBuildPhase;
			buildActionMask = 2147483647;
			files = (
				D50CBB4B292E393400872555 /* tableViev2_clasUITests.swift in Sources */,
				D50CBB4D292E393400872555 /* tableViev2_clasUITestsLaunchTests.swift in Sources */,
			);
			runOnlyForDeploymentPostprocessing = 0;
		};
/* End PBXSourcesBuildPhase section */

/* Begin PBXTargetDependency section */
		D50CBB3E292E393400872555 /* PBXTargetDependency */ = {
			isa = PBXTargetDependency;
			target = D50CBB25292E393300872555 /* tableViev2_clas */;
			targetProxy = D50CBB3D292E393400872555 /* PBXContainerItemProxy */;
		};
		D50CBB48292E393400872555 /* PBXTargetDependency */ = {
			isa = PBXTargetDependency;
			target = D50CBB25292E393300872555 /* tableViev2_clas */;
			targetProxy = D50CBB47292E393400872555 /* PBXContainerItemProxy */;
		};
/* End PBXTargetDependency section */

/* Begin PBXVariantGroup section */
		D50CBB2F292E393300872555 /* Main.storyboard */ = {
			isa = PBXVariantGroup;
			children = (
				D50CBB30292E393300872555 /* Base */,
			);
			name = Main.storyboard;
			sourceTree = "<group>";
		};
		D50CBB34292E393400872555 /* LaunchScreen.storyboard */ = {
			isa = PBXVariantGroup;
			children = (
				D50CBB35292E393400872555 /* Base */,
			);
			name = LaunchScreen.storyboard;
			sourceTree = "<group>";
		};
/* End PBXVariantGroup section */

/* Begin XCBuildConfiguration section */
		D50CBB4E292E393400872555 /* Debug */ = {
			isa = XCBuildConfiguration;
			buildSettings = {
				ALWAYS_SEARCH_USER_PATHS = NO;
				CLANG_ANALYZER_NONNULL = YES;
				CLANG_ANALYZER_NUMBER_OBJECT_CONVERSION = YES_AGGRESSIVE;
				CLANG_CXX_LANGUAGE_STANDARD = "gnu++20";
				CLANG_ENABLE_MODULES = YES;
				CLANG_ENABLE_OBJC_ARC = YES;
				CLANG_ENABLE_OBJC_WEAK = YES;
				CLANG_WARN_BLOCK_CAPTURE_AUTORELEASING = YES;
				CLANG_WARN_BOOL_CONVERSION = YES;
				CLANG_WARN_COMMA = YES;
				CLANG_WARN_CONSTANT_CONVERSION = YES;
				CLANG_WARN_DEPRECATED_OBJC_IMPLEMENTATIONS = YES;
				CLANG_WARN_DIRECT_OBJC_ISA_USAGE = YES_ERROR;
				CLANG_WARN_DOCUMENTATION_COMMENTS = YES;
				CLANG_WARN_EMPTY_BODY = YES;
				CLANG_WARN_ENUM_CONVERSION = YES;
				CLANG_WARN_INFINITE_RECURSION = YES;
				CLANG_WARN_INT_CONVERSION = YES;
				CLANG_WARN_NON_LITERAL_NULL_CONVERSION = YES;
				CLANG_WARN_OBJC_IMPLICIT_RETAIN_SELF = YES;
				CLANG_WARN_OBJC_LITERAL_CONVERSION = YES;
				CLANG_WARN_OBJC_ROOT_CLASS = YES_ERROR;
				CLANG_WARN_QUOTED_INCLUDE_IN_FRAMEWORK_HEADER = YES;
				CLANG_WARN_RANGE_LOOP_ANALYSIS = YES;
				CLANG_WARN_STRICT_PROTOTYPES = YES;
				CLANG_WARN_SUSPICIOUS_MOVE = YES;
				CLANG_WARN_UNGUARDED_AVAILABILITY = YES_AGGRESSIVE;
				CLANG_WARN_UNREACHABLE_CODE = YES;
				CLANG_WARN__DUPLICATE_METHOD_MATCH = YES;
				COPY_PHASE_STRIP = NO;
				DEBUG_INFORMATION_FORMAT = dwarf;
				ENABLE_STRICT_OBJC_MSGSEND = YES;
				ENABLE_TESTABILITY = YES;
				GCC_C_LANGUAGE_STANDARD = gnu11;
				GCC_DYNAMIC_NO_PIC = NO;
				GCC_NO_COMMON_BLOCKS = YES;
				GCC_OPTIMIZATION_LEVEL = 0;
				GCC_PREPROCESSOR_DEFINITIONS = (
					"DEBUG=1",
					"$(inherited)",
				);
				GCC_WARN_64_TO_32_BIT_CONVERSION = YES;
				GCC_WARN_ABOUT_RETURN_TYPE = YES_ERROR;
				GCC_WARN_UNDECLARED_SELECTOR = YES;
				GCC_WARN_UNINITIALIZED_AUTOS = YES_AGGRESSIVE;
				GCC_WARN_UNUSED_FUNCTION = YES;
				GCC_WARN_UNUSED_VARIABLE = YES;
				IPHONEOS_DEPLOYMENT_TARGET = 16.1;
				MTL_ENABLE_DEBUG_INFO = INCLUDE_SOURCE;
				MTL_FAST_MATH = YES;
				ONLY_ACTIVE_ARCH = YES;
				SDKROOT = iphoneos;
				SWIFT_ACTIVE_COMPILATION_CONDITIONS = DEBUG;
				SWIFT_OPTIMIZATION_LEVEL = "-Onone";
			};
			name = Debug;
		};
		D50CBB4F292E393400872555 /* Release */ = {
			isa = XCBuildConfiguration;
			buildSettings = {
				ALWAYS_SEARCH_USER_PATHS = NO;
				CLANG_ANALYZER_NONNULL = YES;
				CLANG_ANALYZER_NUMBER_OBJECT_CONVERSION = YES_AGGRESSIVE;
				CLANG_CXX_LANGUAGE_STANDARD = "gnu++20";
				CLANG_ENABLE_MODULES = YES;
				CLANG_ENABLE_OBJC_ARC = YES;
				CLANG_ENABLE_OBJC_WEAK = YES;
				CLANG_WARN_BLOCK_CAPTURE_AUTORELEASING = YES;
				CLANG_WARN_BOOL_CONVERSION = YES;
				CLANG_WARN_COMMA = YES;
				CLANG_WARN_CONSTANT_CONVERSION = YES;
				CLANG_WARN_DEPRECATED_OBJC_IMPLEMENTATIONS = YES;
				CLANG_WARN_DIRECT_OBJC_ISA_USAGE = YES_ERROR;
				CLANG_WARN_DOCUMENTATION_COMMENTS = YES;
				CLANG_WARN_EMPTY_BODY = YES;
				CLANG_WARN_ENUM_CONVERSION = YES;
				CLANG_WARN_INFINITE_RECURSION = YES;
				CLANG_WARN_INT_CONVERSION = YES;
				CLANG_WARN_NON_LITERAL_NULL_CONVERSION = YES;
				CLANG_WARN_OBJC_IMPLICIT_RETAIN_SELF = YES;
				CLANG_WARN_OBJC_LITERAL_CONVERSION = YES;
				CLANG_WARN_OBJC_ROOT_CLASS = YES_ERROR;
				CLANG_WARN_QUOTED_INCLUDE_IN_FRAMEWORK_HEADER = YES;
				CLANG_WARN_RANGE_LOOP_ANALYSIS = YES;
				CLANG_WARN_STRICT_PROTOTYPES = YES;
				CLANG_WARN_SUSPICIOUS_MOVE = YES;
				CLANG_WARN_UNGUARDED_AVAILABILITY = YES_AGGRESSIVE;
				CLANG_WARN_UNREACHABLE_CODE = YES;
				CLANG_WARN__DUPLICATE_METHOD_MATCH = YES;
				COPY_PHASE_STRIP = NO;
				DEBUG_INFORMATION_FORMAT = "dwarf-with-dsym";
				ENABLE_NS_ASSERTIONS = NO;
				ENABLE_STRICT_OBJC_MSGSEND = YES;
				GCC_C_LANGUAGE_STANDARD = gnu11;
				GCC_NO_COMMON_BLOCKS = YES;
				GCC_WARN_64_TO_32_BIT_CONVERSION = YES;
				GCC_WARN_ABOUT_RETURN_TYPE = YES_ERROR;
				GCC_WARN_UNDECLARED_SELECTOR = YES;
				GCC_WARN_UNINITIALIZED_AUTOS = YES_AGGRESSIVE;
				GCC_WARN_UNUSED_FUNCTION = YES;
				GCC_WARN_UNUSED_VARIABLE = YES;
				IPHONEOS_DEPLOYMENT_TARGET = 16.1;
				MTL_ENABLE_DEBUG_INFO = NO;
				MTL_FAST_MATH = YES;
				SDKROOT = iphoneos;
				SWIFT_COMPILATION_MODE = wholemodule;
				SWIFT_OPTIMIZATION_LEVEL = "-O";
				VALIDATE_PRODUCT = YES;
			};
			name = Release;
		};
		D50CBB51292E393400872555 /* Debug */ = {
			isa = XCBuildConfiguration;
			buildSettings = {
				ASSETCATALOG_COMPILER_APPICON_NAME = AppIcon;
				ASSETCATALOG_COMPILER_GLOBAL_ACCENT_COLOR_NAME = AccentColor;
				CODE_SIGN_STYLE = Automatic;
				CURRENT_PROJECT_VERSION = 1;
				DEVELOPMENT_TEAM = LV3F5GDFZU;
				GENERATE_INFOPLIST_FILE = YES;
				INFOPLIST_FILE = tableViev2_clas/Info.plist;
				INFOPLIST_KEY_UIApplicationSupportsIndirectInputEvents = YES;
				INFOPLIST_KEY_UILaunchStoryboardName = LaunchScreen;
				INFOPLIST_KEY_UIMainStoryboardFile = Main;
				INFOPLIST_KEY_UISupportedInterfaceOrientations_iPad = "UIInterfaceOrientationPortrait UIInterfaceOrientationPortraitUpsideDown UIInterfaceOrientationLandscapeLeft UIInterfaceOrientationLandscapeRight";
				INFOPLIST_KEY_UISupportedInterfaceOrientations_iPhone = "UIInterfaceOrientationPortrait UIInterfaceOrientationLandscapeLeft UIInterfaceOrientationLandscapeRight";
				LD_RUNPATH_SEARCH_PATHS = (
					"$(inherited)",
					"@executable_path/Frameworks",
				);
				MARKETING_VERSION = 1.0;
				PRODUCT_BUNDLE_IDENTIFIER = "mstfklc.tableViev2-clas";
				PRODUCT_NAME = "$(TARGET_NAME)";
				SWIFT_EMIT_LOC_STRINGS = YES;
				SWIFT_VERSION = 5.0;
				TARGETED_DEVICE_FAMILY = "1,2";
			};
			name = Debug;
		};
		D50CBB52292E393400872555 /* Release */ = {
			isa = XCBuildConfiguration;
			buildSettings = {
				ASSETCATALOG_COMPILER_APPICON_NAME = AppIcon;
				ASSETCATALOG_COMPILER_GLOBAL_ACCENT_COLOR_NAME = AccentColor;
				CODE_SIGN_STYLE = Automatic;
				CURRENT_PROJECT_VERSION = 1;
				DEVELOPMENT_TEAM = LV3F5GDFZU;
				GENERATE_INFOPLIST_FILE = YES;
				INFOPLIST_FILE = tableViev2_clas/Info.plist;
				INFOPLIST_KEY_UIApplicationSupportsIndirectInputEvents = YES;
				INFOPLIST_KEY_UILaunchStoryboardName = LaunchScreen;
				INFOPLIST_KEY_UIMainStoryboardFile = Main;
				INFOPLIST_KEY_UISupportedInterfaceOrientations_iPad = "UIInterfaceOrientationPortrait UIInterfaceOrientationPortraitUpsideDown UIInterfaceOrientationLandscapeLeft UIInterfaceOrientationLandscapeRight";
				INFOPLIST_KEY_UISupportedInterfaceOrientations_iPhone = "UIInterfaceOrientationPortrait UIInterfaceOrientationLandscapeLeft UIInterfaceOrientationLandscapeRight";
				LD_RUNPATH_SEARCH_PATHS = (
					"$(inherited)",
					"@executable_path/Frameworks",
				);
				MARKETING_VERSION = 1.0;
				PRODUCT_BUNDLE_IDENTIFIER = "mstfklc.tableViev2-clas";
				PRODUCT_NAME = "$(TARGET_NAME)";
				SWIFT_EMIT_LOC_STRINGS = YES;
				SWIFT_VERSION = 5.0;
				TARGETED_DEVICE_FAMILY = "1,2";
			};
			name = Release;
		};
		D50CBB54292E393400872555 /* Debug */ = {
			isa = XCBuildConfiguration;
			buildSettings = {
				ALWAYS_EMBED_SWIFT_STANDARD_LIBRARIES = YES;
				BUNDLE_LOADER = "$(TEST_HOST)";
				CODE_SIGN_STYLE = Automatic;
				CURRENT_PROJECT_VERSION = 1;
				DEVELOPMENT_TEAM = LV3F5GDFZU;
				GENERATE_INFOPLIST_FILE = YES;
				IPHONEOS_DEPLOYMENT_TARGET = 16.1;
				MARKETING_VERSION = 1.0;
				PRODUCT_BUNDLE_IDENTIFIER = "mstfklc.tableViev2-clasTests";
				PRODUCT_NAME = "$(TARGET_NAME)";
				SWIFT_EMIT_LOC_STRINGS = NO;
				SWIFT_VERSION = 5.0;
				TARGETED_DEVICE_FAMILY = "1,2";
				TEST_HOST = "$(BUILT_PRODUCTS_DIR)/tableViev2_clas.app/$(BUNDLE_EXECUTABLE_FOLDER_PATH)/tableViev2_clas";
			};
			name = Debug;
		};
		D50CBB55292E393400872555 /* Release */ = {
			isa = XCBuildConfiguration;
			buildSettings = {
				ALWAYS_EMBED_SWIFT_STANDARD_LIBRARIES = YES;
				BUNDLE_LOADER = "$(TEST_HOST)";
				CODE_SIGN_STYLE = Automatic;
				CURRENT_PROJECT_VERSION = 1;
				DEVELOPMENT_TEAM = LV3F5GDFZU;
				GENERATE_INFOPLIST_FILE = YES;
				IPHONEOS_DEPLOYMENT_TARGET = 16.1;
				MARKETING_VERSION = 1.0;
				PRODUCT_BUNDLE_IDENTIFIER = "mstfklc.tableViev2-clasTests";
				PRODUCT_NAME = "$(TARGET_NAME)";
				SWIFT_EMIT_LOC_STRINGS = NO;
				SWIFT_VERSION = 5.0;
				TARGETED_DEVICE_FAMILY = "1,2";
				TEST_HOST = "$(BUILT_PRODUCTS_DIR)/tableViev2_clas.app/$(BUNDLE_EXECUTABLE_FOLDER_PATH)/tableViev2_clas";
			};
			name = Release;
		};
		D50CBB57292E393400872555 /* Debug */ = {
			isa = XCBuildConfiguration;
			buildSettings = {
				ALWAYS_EMBED_SWIFT_STANDARD_LIBRARIES = YES;
				CODE_SIGN_STYLE = Automatic;
				CURRENT_PROJECT_VERSION = 1;
				DEVELOPMENT_TEAM = LV3F5GDFZU;
				GENERATE_INFOPLIST_FILE = YES;
				MARKETING_VERSION = 1.0;
				PRODUCT_BUNDLE_IDENTIFIER = "mstfklc.tableViev2-clasUITests";
				PRODUCT_NAME = "$(TARGET_NAME)";
				SWIFT_EMIT_LOC_STRINGS = NO;
				SWIFT_VERSION = 5.0;
				TARGETED_DEVICE_FAMILY = "1,2";
				TEST_TARGET_NAME = tableViev2_clas;
			};
			name = Debug;
		};
		D50CBB58292E393400872555 /* Release */ = {
			isa = XCBuildConfiguration;
			buildSettings = {
				ALWAYS_EMBED_SWIFT_STANDARD_LIBRARIES = YES;
				CODE_SIGN_STYLE = Automatic;
				CURRENT_PROJECT_VERSION = 1;
				DEVELOPMENT_TEAM = LV3F5GDFZU;
				GENERATE_INFOPLIST_FILE = YES;
				MARKETING_VERSION = 1.0;
				PRODUCT_BUNDLE_IDENTIFIER = "mstfklc.tableViev2-clasUITests";
				PRODUCT_NAME = "$(TARGET_NAME)";
				SWIFT_EMIT_LOC_STRINGS = NO;
				SWIFT_VERSION = 5.0;
				TARGETED_DEVICE_FAMILY = "1,2";
				TEST_TARGET_NAME = tableViev2_clas;
			};
			name = Release;
		};
/* End XCBuildConfiguration section */

/* Begin XCConfigurationList section */
		D50CBB21292E393300872555 /* Build configuration list for PBXProject "tableViev2_clas" */ = {
			isa = XCConfigurationList;
			buildConfigurations = (
				D50CBB4E292E393400872555 /* Debug */,
				D50CBB4F292E393400872555 /* Release */,
			);
			defaultConfigurationIsVisible = 0;
			defaultConfigurationName = Release;
		};
		D50CBB50292E393400872555 /* Build configuration list for PBXNativeTarget "tableViev2_clas" */ = {
			isa = XCConfigurationList;
			buildConfigurations = (
				D50CBB51292E393400872555 /* Debug */,
				D50CBB52292E393400872555 /* Release */,
			);
			defaultConfigurationIsVisible = 0;
			defaultConfigurationName = Release;
		};
		D50CBB53292E393400872555 /* Build configuration list for PBXNativeTarget "tableViev2_clasTests" */ = {
			isa = XCConfigurationList;
			buildConfigurations = (
				D50CBB54292E393400872555 /* Debug */,
				D50CBB55292E393400872555 /* Release */,
			);
			defaultConfigurationIsVisible = 0;
			defaultConfigurationName = Release;
		};
		D50CBB56292E393400872555 /* Build configuration list for PBXNativeTarget "tableViev2_clasUITests" */ = {
			isa = XCConfigurationList;
			buildConfigurations = (
				D50CBB57292E393400872555 /* Debug */,
				D50CBB58292E393400872555 /* Release */,
			);
			defaultConfigurationIsVisible = 0;
			defaultConfigurationName = Release;
		};
/* End XCConfigurationList section */
	};
	rootObject = D50CBB1E292E393300872555 /* Project object */;
}
